
Microsoft Visual Studio Solution File, Format Version 12.00
# Visual Studio 15
VisualStudioVersion = 15.0.28307.106
MinimumVisualStudioVersion = 10.0.40219.1
Project("{FAE04EC0-301F-11D3-BF4B-00C04F79EFBC}") = "máy tính", "máy tính\máy tính.csproj", "{17582C7C-F2DB-48A7-8EA5-616333ECB47B}"
EndProject
Global
	GlobalSection(SolutionConfigurationPlatforms) = preSolution
		Debug|Any CPU = Debug|Any CPU
		Release|Any CPU = Release|Any CPU
	EndGlobalSection
	GlobalSection(ProjectConfigurationPlatforms) = postSolution
		{17582C7C-F2DB-48A7-8EA5-616333ECB47B}.Debug|Any CPU.ActiveCfg = Debug|Any CPU
		{17582C7C-F2DB-48A7-8EA5-616333ECB47B}.Debug|Any CPU.Build.0 = Debug|Any CPU
		{17582C7C-F2DB-48A7-8EA5-616333ECB47B}.Release|Any CPU.ActiveCfg = Release|Any CPU
		{17582C7C-F2DB-48A7-8EA5-616333ECB47B}.Release|Any CPU.Build.0 = Release|Any CPU
	EndGlobalSection
	GlobalSection(SolutionProperties) = preSolution
		HideSolutionNode = FALSE
	EndGlobalSection
	GlobalSection(ExtensibilityGlobals) = postSolution
		SolutionGuid = {2B653E47-39EE-4FDB-9ADE-3DD0567C31F8}
	EndGlobalSection
EndGlobal
